// !$*UTF8*$!
{
	archiveVersion = 1;
	classes = {
	};
	objectVersion = 50;
	objects = {

/* Begin PBXBuildFile section */
		FB2CB9B425B1EE3F0051A1AB /* AppDelegate.swift in Sources */ = {isa = PBXBuildFile; fileRef = FB2CB9B325B1EE3F0051A1AB /* AppDelegate.swift */; };
		FB2CB9B625B1EE3F0051A1AB /* ContentView.swift in Sources */ = {isa = PBXBuildFile; fileRef = FB2CB9B525B1EE3F0051A1AB /* ContentView.swift */; };
		FB2CB9B825B1EE3F0051A1AB /* Experience.rcproject in Sources */ = {isa = PBXBuildFile; fileRef = FB2CB9B725B1EE3F0051A1AB /* Experience.rcproject */; };
		FB2CB9BA25B1EE420051A1AB /* Assets.xcassets in Resources */ = {isa = PBXBuildFile; fileRef = FB2CB9B925B1EE420051A1AB /* Assets.xcassets */; };
		FB2CB9BD25B1EE420051A1AB /* Preview Assets.xcassets in Resources */ = {isa = PBXBuildFile; fileRef = FB2CB9BC25B1EE420051A1AB /* Preview Assets.xcassets */; };
/* End PBXBuildFile section */

/* Begin PBXFileReference section */
		FB2CB9B025B1EE3F0051A1AB /* ARPersistence-Realitykit.app */ = {isa = PBXFileReference; explicitFileType = wrapper.application; includeInIndex = 0; path = "ARPersistence-Realitykit.app"; sourceTree = BUILT_PRODUCTS_DIR; };
		FB2CB9B325B1EE3F0051A1AB /* AppDelegate.swift */ = {isa = PBXFileReference; lastKnownFileType = sourcecode.swift; path = AppDelegate.swift; sourceTree = "<group>"; };
		FB2CB9B525B1EE3F0051A1AB /* ContentView.swift */ = {isa = PBXFileReference; lastKnownFileType = sourcecode.swift; path = ContentView.swift; sourceTree = "<group>"; };
		FB2CB9B725B1EE3F0051A1AB /* Experience.rcproject */ = {isa = PBXFileReference; lastKnownFileType = file.rcproject; path = Experience.rcproject; sourceTree = "<group>"; };
		FB2CB9B925B1EE420051A1AB /* Assets.xcassets */ = {isa = PBXFileReference; lastKnownFileType = folder.assetcatalog; path = Assets.xcassets; sourceTree = "<group>"; };
		FB2CB9BC25B1EE420051A1AB /* Preview Assets.xcassets */ = {isa = PBXFileReference; lastKnownFileType = folder.assetcatalog; path = "Preview Assets.xcassets"; sourceTree = "<group>"; };
		FB2CB9BE25B1EE420051A1AB /* Info.plist */ = {isa = PBXFileReference; lastKnownFileType = text.plist.xml; path = Info.plist; sourceTree = "<group>"; };
/* End PBXFileReference section */

/* Begin PBXFrameworksBuildPhase section */
		FB2CB9AD25B1EE3F0051A1AB /* Frameworks */ = {
			isa = PBXFrameworksBuildPhase;
			buildActionMask = 2147483647;
			files = (
			);
			runOnlyForDeploymentPostprocessing = 0;
		};
/* End PBXFrameworksBuildPhase section */

/* Begin PBXGroup section */
		FB2CB9A725B1EE3F0051A1AB = {
			isa = PBXGroup;
			children = (
				FB2CB9B225B1EE3F0051A1AB /* ARPersistence-Realitykit */,
				FB2CB9B125B1EE3F0051A1AB /* Products */,
			);
			sourceTree = "<group>";
		};
		FB2CB9B125B1EE3F0051A1AB /* Products */ = {
			isa = PBXGroup;
			children = (
				FB2CB9B025B1EE3F0051A1AB /* ARPersistence-Realitykit.app */,
			);
			name = Products;
			sourceTree = "<group>";
		};
		FB2CB9B225B1EE3F0051A1AB /* ARPersistence-Realitykit */ = {
			isa = PBXGroup;
			children = (
				FB2CB9B325B1EE3F0051A1AB /* AppDelegate.swift */,
				FB2CB9B525B1EE3F0051A1AB /* ContentView.swift */,
				FB2CB9B725B1EE3F0051A1AB /* Experience.rcproject */,
				FB2CB9B925B1EE420051A1AB /* Assets.xcassets */,
				FB2CB9BE25B1EE420051A1AB /* Info.plist */,
				FB2CB9BB25B1EE420051A1AB /* Preview Content */,
			);
			path = "ARPersistence-Realitykit";
			sourceTree = "<group>";
		};
		FB2CB9BB25B1EE420051A1AB /* Preview Content */ = {
			isa = PBXGroup;
			children = (
				FB2CB9BC25B1EE420051A1AB /* Preview Assets.xcassets */,
			);
			path = "Preview Content";
			sourceTree = "<group>";
		};
/* End PBXGroup section */

/* Begin PBXNativeTarget section */
		FB2CB9AF25B1EE3F0051A1AB /* ARPersistence-Realitykit */ = {
			isa = PBXNativeTarget;
			buildConfigurationList = FB2CB9C125B1EE420051A1AB /* Build configuration list for PBXNativeTarget "ARPersistence-Realitykit" */;
			buildPhases = (
				FB2CB9AC25B1EE3F0051A1AB /* Sources */,
				FB2CB9AD25B1EE3F0051A1AB /* Frameworks */,
				FB2CB9AE25B1EE3F0051A1AB /* Resources */,
			);
			buildRules = (
			);
			dependencies = (
			);
			name = "ARPersistence-Realitykit";
			productName = "ARPersistence-Realitykit";
			productReference = FB2CB9B025B1EE3F0051A1AB /* ARPersistence-Realitykit.app */;
			productType = "com.apple.product-type.application";
		};
/* End PBXNativeTarget section */

/* Begin PBXProject section */
		FB2CB9A825B1EE3F0051A1AB /* Project object */ = {
			isa = PBXProject;
			attributes = {
				LastSwiftUpdateCheck = 1230;
				LastUpgradeCheck = 1230;
				TargetAttributes = {
					FB2CB9AF25B1EE3F0051A1AB = {
						CreatedOnToolsVersion = 12.3;
					};
				};
			};
			buildConfigurationList = FB2CB9AB25B1EE3F0051A1AB /* Build configuration list for PBXProject "ARPersistence-Realitykit" */;
			compatibilityVersion = "Xcode 9.3";
			developmentRegion = en;
			hasScannedForEncodings = 0;
			knownRegions = (
				en,
				Base,
			);
			mainGroup = FB2CB9A725B1EE3F0051A1AB;
			productRefGroup = FB2CB9B125B1EE3F0051A1AB /* Products */;
			projectDirPath = "";
			projectRoot = "";
			targets = (
				FB2CB9AF25B1EE3F0051A1AB /* ARPersistence-Realitykit */,
			);
		};
/* End PBXProject section */

/* Begin PBXResourcesBuildPhase section */
		FB2CB9AE25B1EE3F0051A1AB /* Resources */ = {
			isa = PBXResourcesBuildPhase;
			buildActionMask = 2147483647;
			files = (
				FB2CB9BD25B1EE420051A1AB /* Preview Assets.xcassets in Resources */,
				FB2CB9BA25B1EE420051A1AB /* Assets.xcassets in Resources */,
			);
			runOnlyForDeploymentPostprocessing = 0;
		};
/* End PBXResourcesBuildPhase section */

/* Begin PBXSourcesBuildPhase section */
		FB2CB9AC25B1EE3F0051A1AB /* Sources */ = {
			isa = PBXSourcesBuildPhase;
			buildActionMask = 2147483647;
			files = (
				FB2CB9B625B1EE3F0051A1AB /* ContentView.swift in Sources */,
				FB2CB9B425B1EE3F0051A1AB /* AppDelegate.swift in Sources */,
				FB2CB9B825B1EE3F0051A1AB /* Experience.rcproject in Sources */,
			);
			runOnlyForDeploymentPostprocessing = 0;
		};
/* End PBXSourcesBuildPhase section */

/* Begin XCBuildConfiguration section */
		FB2CB9BF25B1EE420051A1AB /* Debug */ = {
			isa = XCBuildConfiguration;
			buildSettings = {
				ALWAYS_SEARCH_USER_PATHS = NO;
				CLANG_ANALYZER_NONNULL = YES;
				CLANG_ANALYZER_NUMBER_OBJECT_CONVERSION = YES_AGGRESSIVE;
				CLANG_CXX_LANGUAGE_STANDARD = "gnu++14";
				CLANG_CXX_LIBRARY = "libc++";
				CLANG_ENABLE_MODULES = YES;
				CLANG_ENABLE_OBJC_ARC = YES;
				CLANG_ENABLE_OBJC_WEAK = YES;
				CLANG_WARN_BLOCK_CAPTURE_AUTORELEASING = YES;
				CLANG_WARN_BOOL_CONVERSION = YES;
				CLANG_WARN_COMMA = YES;
				CLANG_WARN_CONSTANT_CONVERSION = YES;
				CLANG_WARN_DEPRECATED_OBJC_IMPLEMENTATIONS = YES;
				CLANG_WARN_DIRECT_OBJC_ISA_USAGE = YES_ERROR;
				CLANG_WARN_DOCUMENTATION_COMMENTS = YES;
				CLANG_WARN_EMPTY_BODY = YES;
				CLANG_WARN_ENUM_CONVERSION = YES;
				CLANG_WARN_INFINITE_RECURSION = YES;
				CLANG_WARN_INT_CONVERSION = YES;
				CLANG_WARN_NON_LITERAL_NULL_CONVERSION = YES;
				CLANG_WARN_OBJC_IMPLICIT_RETAIN_SELF = YES;
				CLANG_WARN_OBJC_LITERAL_CONVERSION = YES;
				CLANG_WARN_OBJC_ROOT_CLASS = YES_ERROR;
				CLANG_WARN_QUOTED_INCLUDE_IN_FRAMEWORK_HEADER = YES;
				CLANG_WARN_RANGE_LOOP_ANALYSIS = YES;
				CLANG_WARN_STRICT_PROTOTYPES = YES;
				CLANG_WARN_SUSPICIOUS_MOVE = YES;
				CLANG_WARN_UNGUARDED_AVAILABILITY = YES_AGGRESSIVE;
				CLANG_WARN_UNREACHABLE_CODE = YES;
				CLANG_WARN__DUPLICATE_METHOD_MATCH = YES;
				COPY_PHASE_STRIP = NO;
				DEBUG_INFORMATION_FORMAT = dwarf;
				ENABLE_STRICT_OBJC_MSGSEND = YES;
				ENABLE_TESTABILITY = YES;
				GCC_C_LANGUAGE_STANDARD = gnu11;
				GCC_DYNAMIC_NO_PIC = NO;
				GCC_NO_COMMON_BLOCKS = YES;
				GCC_OPTIMIZATION_LEVEL = 0;
				GCC_PREPROCESSOR_DEFINITIONS = (
					"DEBUG=1",
					"$(inherited)",
				);
				GCC_WARN_64_TO_32_BIT_CONVERSION = YES;
				GCC_WARN_ABOUT_RETURN_TYPE = YES_ERROR;
				GCC_WARN_UNDECLARED_SELECTOR = YES;
				GCC_WARN_UNINITIALIZED_AUTOS = YES_AGGRESSIVE;
				GCC_WARN_UNUSED_FUNCTION = YES;
				GCC_WARN_UNUSED_VARIABLE = YES;
				IPHONEOS_DEPLOYMENT_TARGET = 14.3;
				MTL_ENABLE_DEBUG_INFO = INCLUDE_SOURCE;
				MTL_FAST_MATH = YES;
				ONLY_ACTIVE_ARCH = YES;
				SDKROOT = iphoneos;
				SWIFT_ACTIVE_COMPILATION_CONDITIONS = DEBUG;
				SWIFT_OPTIMIZATION_LEVEL = "-Onone";
			};
			name = Debug;
		};
		FB2CB9C025B1EE420051A1AB /* Release */ = {
			isa = XCBuildConfiguration;
			buildSettings = {
				ALWAYS_SEARCH_USER_PATHS = NO;
				CLANG_ANALYZER_NONNULL = YES;
				CLANG_ANALYZER_NUMBER_OBJECT_CONVERSION = YES_AGGRESSIVE;
				CLANG_CXX_LANGUAGE_STANDARD = "gnu++14";
				CLANG_CXX_LIBRARY = "libc++";
				CLANG_ENABLE_MODULES = YES;
				CLANG_ENABLE_OBJC_ARC = YES;
				CLANG_ENABLE_OBJC_WEAK = YES;
				CLANG_WARN_BLOCK_CAPTURE_AUTORELEASING = YES;
				CLANG_WARN_BOOL_CONVERSION = YES;
				CLANG_WARN_COMMA = YES;
				CLANG_WARN_CONSTANT_CONVERSION = YES;
				CLANG_WARN_DEPRECATED_OBJC_IMPLEMENTATIONS = YES;
				CLANG_WARN_DIRECT_OBJC_ISA_USAGE = YES_ERROR;
				CLANG_WARN_DOCUMENTATION_COMMENTS = YES;
				CLANG_WARN_EMPTY_BODY = YES;
				CLANG_WARN_ENUM_CONVERSION = YES;
				CLANG_WARN_INFINITE_RECURSION = YES;
				CLANG_WARN_INT_CONVERSION = YES;
				CLANG_WARN_NON_LITERAL_NULL_CONVERSION = YES;
				CLANG_WARN_OBJC_IMPLICIT_RETAIN_SELF = YES;
				CLANG_WARN_OBJC_LITERAL_CONVERSION = YES;
				CLANG_WARN_OBJC_ROOT_CLASS = YES_ERROR;
				CLANG_WARN_QUOTED_INCLUDE_IN_FRAMEWORK_HEADER = YES;
				CLANG_WARN_RANGE_LOOP_ANALYSIS = YES;
				CLANG_WARN_STRICT_PROTOTYPES = YES;
				CLANG_WARN_SUSPICIOUS_MOVE = YES;
				CLANG_WARN_UNGUARDED_AVAILABILITY = YES_AGGRESSIVE;
				CLANG_WARN_UNREACHABLE_CODE = YES;
				CLANG_WARN__DUPLICATE_METHOD_MATCH = YES;
				COPY_PHASE_STRIP = NO;
				DEBUG_INFORMATION_FORMAT = "dwarf-with-dsym";
				ENABLE_NS_ASSERTIONS = NO;
				ENABLE_STRICT_OBJC_MSGSEND = YES;
				GCC_C_LANGUAGE_STANDARD = gnu11;
				GCC_NO_COMMON_BLOCKS = YES;
				GCC_WARN_64_TO_32_BIT_CONVERSION = YES;
				GCC_WARN_ABOUT_RETURN_TYPE = YES_ERROR;
				GCC_WARN_UNDECLARED_SELECTOR = YES;
				GCC_WARN_UNINITIALIZED_AUTOS = YES_AGGRESSIVE;
				GCC_WARN_UNUSED_FUNCTION = YES;
				GCC_WARN_UNUSED_VARIABLE = YES;
				IPHONEOS_DEPLOYMENT_TARGET = 14.3;
				MTL_ENABLE_DEBUG_INFO = NO;
				MTL_FAST_MATH = YES;
				SDKROOT = iphoneos;
				SWIFT_COMPILATION_MODE = wholemodule;
				SWIFT_OPTIMIZATION_LEVEL = "-O";
				VALIDATE_PRODUCT = YES;
			};
			name = Release;
		};
		FB2CB9C225B1EE420051A1AB /* Debug */ = {
			isa = XCBuildConfiguration;
			buildSettings = {
				ASSETCATALOG_COMPILER_APPICON_NAME = AppIcon;
				ASSETCATALOG_COMPILER_GLOBAL_ACCENT_COLOR_NAME = AccentColor;
				CODE_SIGN_STYLE = Automatic;
				DEVELOPMENT_ASSET_PATHS = "\"ARPersistence-Realitykit/Preview Content\"";
				DEVELOPMENT_TEAM = J792L8DKQC;
				ENABLE_PREVIEWS = YES;
				INFOPLIST_FILE = "ARPersistence-Realitykit/Info.plist";
				LD_RUNPATH_SEARCH_PATHS = (
					"$(inherited)",
					"@executable_path/Frameworks",
				);
				PRODUCT_BUNDLE_IDENTIFIER = "hgp.ARPersistence-Realitykit";
				PRODUCT_NAME = "$(TARGET_NAME)";
				SWIFT_VERSION = 5.0;
				TARGETED_DEVICE_FAMILY = "1,2";
			};
			name = Debug;
		};
		FB2CB9C325B1EE420051A1AB /* Release */ = {
			isa = XCBuildConfiguration;
			buildSettings = {
				ASSETCATALOG_COMPILER_APPICON_NAME = AppIcon;
				ASSETCATALOG_COMPILER_GLOBAL_ACCENT_COLOR_NAME = AccentColor;
				CODE_SIGN_STYLE = Automatic;
				DEVELOPMENT_ASSET_PATHS = "\"ARPersistence-Realitykit/Preview Content\"";
				DEVELOPMENT_TEAM = J792L8DKQC;
				ENABLE_PREVIEWS = YES;
				INFOPLIST_FILE = "ARPersistence-Realitykit/Info.plist";
				LD_RUNPATH_SEARCH_PATHS = (
					"$(inherited)",
					"@executable_path/Frameworks",
				);
				PRODUCT_BUNDLE_IDENTIFIER = "hgp.ARPersistence-Realitykit";
				PRODUCT_NAME = "$(TARGET_NAME)";
				SWIFT_VERSION = 5.0;
				TARGETED_DEVICE_FAMILY = "1,2";
			};
			name = Release;
		};
/* End XCBuildConfiguration section */

/* Begin XCConfigurationList section */
		FB2CB9AB25B1EE3F0051A1AB /* Build configuration list for PBXProject "ARPersistence-Realitykit" */ = {
			isa = XCConfigurationList;
			buildConfigurations = (
				FB2CB9BF25B1EE420051A1AB /* Debug */,
				FB2CB9C025B1EE420051A1AB /* Release */,
			);
			defaultConfigurationIsVisible = 0;
			defaultConfigurationName = Release;
		};
		FB2CB9C125B1EE420051A1AB /* Build configuration list for PBXNativeTarget "ARPersistence-Realitykit" */ = {
			isa = XCConfigurationList;
			buildConfigurations = (
				FB2CB9C225B1EE420051A1AB /* Debug */,
				FB2CB9C325B1EE420051A1AB /* Release */,
			);
			defaultConfigurationIsVisible = 0;
			defaultConfigurationName = Release;
		};
/* End XCConfigurationList section */
	};
	rootObject = FB2CB9A825B1EE3F0051A1AB /* Project object */;
}
